
Microsoft Visual Studio Solution File, Format Version 12.00
# Visual Studio 15
VisualStudioVersion = 15.0.26730.15
MinimumVisualStudioVersion = 10.0.40219.1
Project("{9A19103F-16F7-4668-BE54-9A1E7A4F7556}") = "Assistant", "Assistant\Assistant.csproj", "{378C1D47-AD25-408C-B0C0-B0AB47AA2984}"
EndProject
Global
	GlobalSection(SolutionConfigurationPlatforms) = preSolution
		Debug|Any CPU = Debug|Any CPU
		Release|Any CPU = Release|Any CPU
	EndGlobalSection
	GlobalSection(ProjectConfigurationPlatforms) = postSolution
		{378C1D47-AD25-408C-B0C0-B0AB47AA2984}.Debug|Any CPU.ActiveCfg = Debug|Any CPU
		{378C1D47-AD25-408C-B0C0-B0AB47AA2984}.Debug|Any CPU.Build.0 = Debug|Any CPU
		{378C1D47-AD25-408C-B0C0-B0AB47AA2984}.Release|Any CPU.ActiveCfg = Release|Any CPU
		{378C1D47-AD25-408C-B0C0-B0AB47AA2984}.Release|Any CPU.Build.0 = Release|Any CPU
	EndGlobalSection
	GlobalSection(SolutionProperties) = preSolution
		HideSolutionNode = FALSE
	EndGlobalSection
	GlobalSection(ExtensibilityGlobals) = postSolution
		SolutionGuid = {01615405-FB6E-4A3A-AB23-EBAEB9CFCAC6}
	EndGlobalSection
EndGlobal
